// !$*UTF8*$!
{
	archiveVersion = 1;
	classes = {
	};
	objectVersion = 50;
	objects = {

/* Begin PBXBuildFile section */
		84E9A138238C04ED0079C9C5 /* AppDelegate.swift in Sources */ = {isa = PBXBuildFile; fileRef = 84E9A137238C04ED0079C9C5 /* AppDelegate.swift */; };
		84E9A13A238C04ED0079C9C5 /* ViewController.swift in Sources */ = {isa = PBXBuildFile; fileRef = 84E9A139238C04ED0079C9C5 /* ViewController.swift */; };
		84E9A13D238C04ED0079C9C5 /* Main.storyboard in Resources */ = {isa = PBXBuildFile; fileRef = 84E9A13B238C04ED0079C9C5 /* Main.storyboard */; };
		84E9A13F238C04EE0079C9C5 /* Assets.xcassets in Resources */ = {isa = PBXBuildFile; fileRef = 84E9A13E238C04EE0079C9C5 /* Assets.xcassets */; };
		84E9A142238C04EE0079C9C5 /* LaunchScreen.storyboard in Resources */ = {isa = PBXBuildFile; fileRef = 84E9A140238C04EE0079C9C5 /* LaunchScreen.storyboard */; };
		84E9A14D238C04EE0079C9C5 /* TravellingProjectTests.swift in Sources */ = {isa = PBXBuildFile; fileRef = 84E9A14C238C04EE0079C9C5 /* TravellingProjectTests.swift */; };
		84E9A158238C04EE0079C9C5 /* TravellingProjectUITests.swift in Sources */ = {isa = PBXBuildFile; fileRef = 84E9A157238C04EE0079C9C5 /* TravellingProjectUITests.swift */; };
		84E9A16B238C05370079C9C5 /* HomeViewController.swift in Sources */ = {isa = PBXBuildFile; fileRef = 84E9A169238C05370079C9C5 /* HomeViewController.swift */; };
		84E9A16C238C05370079C9C5 /* HomeViewController.xib in Resources */ = {isa = PBXBuildFile; fileRef = 84E9A16A238C05370079C9C5 /* HomeViewController.xib */; };
		84E9A16F238C05450079C9C5 /* HistoryViewController.swift in Sources */ = {isa = PBXBuildFile; fileRef = 84E9A16D238C05450079C9C5 /* HistoryViewController.swift */; };
		84E9A170238C05450079C9C5 /* HistoryViewController.xib in Resources */ = {isa = PBXBuildFile; fileRef = 84E9A16E238C05450079C9C5 /* HistoryViewController.xib */; };
		84E9A173238C05540079C9C5 /* MessageViewController.swift in Sources */ = {isa = PBXBuildFile; fileRef = 84E9A171238C05540079C9C5 /* MessageViewController.swift */; };
		84E9A174238C05540079C9C5 /* MessageViewController.xib in Resources */ = {isa = PBXBuildFile; fileRef = 84E9A172238C05540079C9C5 /* MessageViewController.xib */; };
		84E9A177238C05620079C9C5 /* SettingViewController.swift in Sources */ = {isa = PBXBuildFile; fileRef = 84E9A175238C05620079C9C5 /* SettingViewController.swift */; };
		84E9A178238C05620079C9C5 /* SettingViewController.xib in Resources */ = {isa = PBXBuildFile; fileRef = 84E9A176238C05620079C9C5 /* SettingViewController.xib */; };
		84E9A17C238C073E0079C9C5 /* LoginRegisterViewController.swift in Sources */ = {isa = PBXBuildFile; fileRef = 84E9A17A238C073E0079C9C5 /* LoginRegisterViewController.swift */; };
		84E9A17D238C073E0079C9C5 /* LoginRegisterViewController.xib in Resources */ = {isa = PBXBuildFile; fileRef = 84E9A17B238C073E0079C9C5 /* LoginRegisterViewController.xib */; };
		84E9A18A238C0EF60079C9C5 /* PaddingLabel.swift in Sources */ = {isa = PBXBuildFile; fileRef = 84E9A189238C0EF60079C9C5 /* PaddingLabel.swift */; };
		84E9A191238C28150079C9C5 /* SuggestFriendCell.swift in Sources */ = {isa = PBXBuildFile; fileRef = 84E9A18F238C28150079C9C5 /* SuggestFriendCell.swift */; };
		84E9A192238C28150079C9C5 /* SuggestFriendCell.xib in Resources */ = {isa = PBXBuildFile; fileRef = 84E9A190238C28150079C9C5 /* SuggestFriendCell.xib */; };
		84E9A195238C28310079C9C5 /* PlaceCell.swift in Sources */ = {isa = PBXBuildFile; fileRef = 84E9A193238C28310079C9C5 /* PlaceCell.swift */; };
		84E9A196238C28310079C9C5 /* PlaceCell.xib in Resources */ = {isa = PBXBuildFile; fileRef = 84E9A194238C28310079C9C5 /* PlaceCell.xib */; };
		84E9A199238C28570079C9C5 /* StatusCell.swift in Sources */ = {isa = PBXBuildFile; fileRef = 84E9A197238C28570079C9C5 /* StatusCell.swift */; };
		84E9A19A238C28570079C9C5 /* StatusCell.xib in Resources */ = {isa = PBXBuildFile; fileRef = 84E9A198238C28570079C9C5 /* StatusCell.xib */; };
		84E9A19D238C287D0079C9C5 /* HistoryCell.swift in Sources */ = {isa = PBXBuildFile; fileRef = 84E9A19B238C287D0079C9C5 /* HistoryCell.swift */; };
		84E9A19E238C287D0079C9C5 /* HistoryCell.xib in Resources */ = {isa = PBXBuildFile; fileRef = 84E9A19C238C287D0079C9C5 /* HistoryCell.xib */; };
/* End PBXBuildFile section */

/* Begin PBXContainerItemProxy section */
		84E9A149238C04EE0079C9C5 /* PBXContainerItemProxy */ = {
			isa = PBXContainerItemProxy;
			containerPortal = 84E9A12C238C04ED0079C9C5 /* Project object */;
			proxyType = 1;
			remoteGlobalIDString = 84E9A133238C04ED0079C9C5;
			remoteInfo = TravellingProject;
		};
		84E9A154238C04EE0079C9C5 /* PBXContainerItemProxy */ = {
			isa = PBXContainerItemProxy;
			containerPortal = 84E9A12C238C04ED0079C9C5 /* Project object */;
			proxyType = 1;
			remoteGlobalIDString = 84E9A133238C04ED0079C9C5;
			remoteInfo = TravellingProject;
		};
/* End PBXContainerItemProxy section */

/* Begin PBXFileReference section */
		84E9A134238C04ED0079C9C5 /* TravellingProject.app */ = {isa = PBXFileReference; explicitFileType = wrapper.application; includeInIndex = 0; path = TravellingProject.app; sourceTree = BUILT_PRODUCTS_DIR; };
		84E9A137238C04ED0079C9C5 /* AppDelegate.swift */ = {isa = PBXFileReference; lastKnownFileType = sourcecode.swift; path = AppDelegate.swift; sourceTree = "<group>"; };
		84E9A139238C04ED0079C9C5 /* ViewController.swift */ = {isa = PBXFileReference; lastKnownFileType = sourcecode.swift; path = ViewController.swift; sourceTree = "<group>"; };
		84E9A13C238C04ED0079C9C5 /* Base */ = {isa = PBXFileReference; lastKnownFileType = file.storyboard; name = Base; path = Base.lproj/Main.storyboard; sourceTree = "<group>"; };
		84E9A13E238C04EE0079C9C5 /* Assets.xcassets */ = {isa = PBXFileReference; lastKnownFileType = folder.assetcatalog; path = Assets.xcassets; sourceTree = "<group>"; };
		84E9A141238C04EE0079C9C5 /* Base */ = {isa = PBXFileReference; lastKnownFileType = file.storyboard; name = Base; path = Base.lproj/LaunchScreen.storyboard; sourceTree = "<group>"; };
		84E9A143238C04EE0079C9C5 /* Info.plist */ = {isa = PBXFileReference; lastKnownFileType = text.plist.xml; path = Info.plist; sourceTree = "<group>"; };
		84E9A148238C04EE0079C9C5 /* TravellingProjectTests.xctest */ = {isa = PBXFileReference; explicitFileType = wrapper.cfbundle; includeInIndex = 0; path = TravellingProjectTests.xctest; sourceTree = BUILT_PRODUCTS_DIR; };
		84E9A14C238C04EE0079C9C5 /* TravellingProjectTests.swift */ = {isa = PBXFileReference; lastKnownFileType = sourcecode.swift; path = TravellingProjectTests.swift; sourceTree = "<group>"; };
		84E9A14E238C04EE0079C9C5 /* Info.plist */ = {isa = PBXFileReference; lastKnownFileType = text.plist.xml; path = Info.plist; sourceTree = "<group>"; };
		84E9A153238C04EE0079C9C5 /* TravellingProjectUITests.xctest */ = {isa = PBXFileReference; explicitFileType = wrapper.cfbundle; includeInIndex = 0; path = TravellingProjectUITests.xctest; sourceTree = BUILT_PRODUCTS_DIR; };
		84E9A157238C04EE0079C9C5 /* TravellingProjectUITests.swift */ = {isa = PBXFileReference; lastKnownFileType = sourcecode.swift; path = TravellingProjectUITests.swift; sourceTree = "<group>"; };
		84E9A159238C04EE0079C9C5 /* Info.plist */ = {isa = PBXFileReference; lastKnownFileType = text.plist.xml; path = Info.plist; sourceTree = "<group>"; };
		84E9A169238C05370079C9C5 /* HomeViewController.swift */ = {isa = PBXFileReference; lastKnownFileType = sourcecode.swift; path = HomeViewController.swift; sourceTree = "<group>"; };
		84E9A16A238C05370079C9C5 /* HomeViewController.xib */ = {isa = PBXFileReference; lastKnownFileType = file.xib; path = HomeViewController.xib; sourceTree = "<group>"; };
		84E9A16D238C05450079C9C5 /* HistoryViewController.swift */ = {isa = PBXFileReference; lastKnownFileType = sourcecode.swift; path = HistoryViewController.swift; sourceTree = "<group>"; };
		84E9A16E238C05450079C9C5 /* HistoryViewController.xib */ = {isa = PBXFileReference; lastKnownFileType = file.xib; path = HistoryViewController.xib; sourceTree = "<group>"; };
		84E9A171238C05540079C9C5 /* MessageViewController.swift */ = {isa = PBXFileReference; lastKnownFileType = sourcecode.swift; path = MessageViewController.swift; sourceTree = "<group>"; };
		84E9A172238C05540079C9C5 /* MessageViewController.xib */ = {isa = PBXFileReference; lastKnownFileType = file.xib; path = MessageViewController.xib; sourceTree = "<group>"; };
		84E9A175238C05620079C9C5 /* SettingViewController.swift */ = {isa = PBXFileReference; lastKnownFileType = sourcecode.swift; path = SettingViewController.swift; sourceTree = "<group>"; };
		84E9A176238C05620079C9C5 /* SettingViewController.xib */ = {isa = PBXFileReference; lastKnownFileType = file.xib; path = SettingViewController.xib; sourceTree = "<group>"; };
		84E9A17A238C073E0079C9C5 /* LoginRegisterViewController.swift */ = {isa = PBXFileReference; lastKnownFileType = sourcecode.swift; path = LoginRegisterViewController.swift; sourceTree = "<group>"; };
		84E9A17B238C073E0079C9C5 /* LoginRegisterViewController.xib */ = {isa = PBXFileReference; lastKnownFileType = file.xib; path = LoginRegisterViewController.xib; sourceTree = "<group>"; };
		84E9A189238C0EF60079C9C5 /* PaddingLabel.swift */ = {isa = PBXFileReference; lastKnownFileType = sourcecode.swift; path = PaddingLabel.swift; sourceTree = "<group>"; };
		84E9A18F238C28150079C9C5 /* SuggestFriendCell.swift */ = {isa = PBXFileReference; lastKnownFileType = sourcecode.swift; path = SuggestFriendCell.swift; sourceTree = "<group>"; };
		84E9A190238C28150079C9C5 /* SuggestFriendCell.xib */ = {isa = PBXFileReference; lastKnownFileType = file.xib; path = SuggestFriendCell.xib; sourceTree = "<group>"; };
		84E9A193238C28310079C9C5 /* PlaceCell.swift */ = {isa = PBXFileReference; lastKnownFileType = sourcecode.swift; path = PlaceCell.swift; sourceTree = "<group>"; };
		84E9A194238C28310079C9C5 /* PlaceCell.xib */ = {isa = PBXFileReference; lastKnownFileType = file.xib; path = PlaceCell.xib; sourceTree = "<group>"; };
		84E9A197238C28570079C9C5 /* StatusCell.swift */ = {isa = PBXFileReference; lastKnownFileType = sourcecode.swift; path = StatusCell.swift; sourceTree = "<group>"; };
		84E9A198238C28570079C9C5 /* StatusCell.xib */ = {isa = PBXFileReference; lastKnownFileType = file.xib; path = StatusCell.xib; sourceTree = "<group>"; };
		84E9A19B238C287D0079C9C5 /* HistoryCell.swift */ = {isa = PBXFileReference; lastKnownFileType = sourcecode.swift; path = HistoryCell.swift; sourceTree = "<group>"; };
		84E9A19C238C287D0079C9C5 /* HistoryCell.xib */ = {isa = PBXFileReference; lastKnownFileType = file.xib; path = HistoryCell.xib; sourceTree = "<group>"; };
/* End PBXFileReference section */

/* Begin PBXFrameworksBuildPhase section */
		84E9A131238C04ED0079C9C5 /* Frameworks */ = {
			isa = PBXFrameworksBuildPhase;
			buildActionMask = 2147483647;
			files = (
			);
			runOnlyForDeploymentPostprocessing = 0;
		};
		84E9A145238C04EE0079C9C5 /* Frameworks */ = {
			isa = PBXFrameworksBuildPhase;
			buildActionMask = 2147483647;
			files = (
			);
			runOnlyForDeploymentPostprocessing = 0;
		};
		84E9A150238C04EE0079C9C5 /* Frameworks */ = {
			isa = PBXFrameworksBuildPhase;
			buildActionMask = 2147483647;
			files = (
			);
			runOnlyForDeploymentPostprocessing = 0;
		};
/* End PBXFrameworksBuildPhase section */

/* Begin PBXGroup section */
		84E9A12B238C04ED0079C9C5 = {
			isa = PBXGroup;
			children = (
				84E9A136238C04ED0079C9C5 /* TravellingProject */,
				84E9A14B238C04EE0079C9C5 /* TravellingProjectTests */,
				84E9A156238C04EE0079C9C5 /* TravellingProjectUITests */,
				84E9A135238C04ED0079C9C5 /* Products */,
			);
			sourceTree = "<group>";
		};
		84E9A135238C04ED0079C9C5 /* Products */ = {
			isa = PBXGroup;
			children = (
				84E9A134238C04ED0079C9C5 /* TravellingProject.app */,
				84E9A148238C04EE0079C9C5 /* TravellingProjectTests.xctest */,
				84E9A153238C04EE0079C9C5 /* TravellingProjectUITests.xctest */,
			);
			name = Products;
			sourceTree = "<group>";
		};
		84E9A136238C04ED0079C9C5 /* TravellingProject */ = {
			isa = PBXGroup;
			children = (
				84E9A187238C0EC60079C9C5 /* custom */,
				84E9A179238C07290079C9C5 /* login_register */,
				84E9A168238C05230079C9C5 /* setting */,
				84E9A167238C051A0079C9C5 /* message */,
				84E9A166238C05080079C9C5 /* history */,
				84E9A165238C04FF0079C9C5 /* home */,
				84E9A137238C04ED0079C9C5 /* AppDelegate.swift */,
				84E9A139238C04ED0079C9C5 /* ViewController.swift */,
				84E9A13B238C04ED0079C9C5 /* Main.storyboard */,
				84E9A13E238C04EE0079C9C5 /* Assets.xcassets */,
				84E9A140238C04EE0079C9C5 /* LaunchScreen.storyboard */,
				84E9A143238C04EE0079C9C5 /* Info.plist */,
			);
			path = TravellingProject;
			sourceTree = "<group>";
		};
		84E9A14B238C04EE0079C9C5 /* TravellingProjectTests */ = {
			isa = PBXGroup;
			children = (
				84E9A14C238C04EE0079C9C5 /* TravellingProjectTests.swift */,
				84E9A14E238C04EE0079C9C5 /* Info.plist */,
			);
			path = TravellingProjectTests;
			sourceTree = "<group>";
		};
		84E9A156238C04EE0079C9C5 /* TravellingProjectUITests */ = {
			isa = PBXGroup;
			children = (
				84E9A157238C04EE0079C9C5 /* TravellingProjectUITests.swift */,
				84E9A159238C04EE0079C9C5 /* Info.plist */,
			);
			path = TravellingProjectUITests;
			sourceTree = "<group>";
		};
		84E9A165238C04FF0079C9C5 /* home */ = {
			isa = PBXGroup;
			children = (
				84E9A185238C0A8A0079C9C5 /* place */,
				84E9A184238C0A800079C9C5 /* suggested_friend */,
				84E9A182238C0A710079C9C5 /* status */,
				84E9A169238C05370079C9C5 /* HomeViewController.swift */,
				84E9A16A238C05370079C9C5 /* HomeViewController.xib */,
			);
			path = home;
			sourceTree = "<group>";
		};
		84E9A166238C05080079C9C5 /* history */ = {
			isa = PBXGroup;
			children = (
				84E9A181238C0A620079C9C5 /* item_history */,
				84E9A16D238C05450079C9C5 /* HistoryViewController.swift */,
				84E9A16E238C05450079C9C5 /* HistoryViewController.xib */,
			);
			name = history;
			path = "histỏy";
			sourceTree = "<group>";
		};
		84E9A167238C051A0079C9C5 /* message */ = {
			isa = PBXGroup;
			children = (
				84E9A171238C05540079C9C5 /* MessageViewController.swift */,
				84E9A172238C05540079C9C5 /* MessageViewController.xib */,
			);
			path = message;
			sourceTree = "<group>";
		};
		84E9A168238C05230079C9C5 /* setting */ = {
			isa = PBXGroup;
			children = (
				84E9A175238C05620079C9C5 /* SettingViewController.swift */,
				84E9A176238C05620079C9C5 /* SettingViewController.xib */,
			);
			path = setting;
			sourceTree = "<group>";
		};
		84E9A179238C07290079C9C5 /* login_register */ = {
			isa = PBXGroup;
			children = (
				84E9A17A238C073E0079C9C5 /* LoginRegisterViewController.swift */,
				84E9A17B238C073E0079C9C5 /* LoginRegisterViewController.xib */,
			);
			path = login_register;
			sourceTree = "<group>";
		};
		84E9A181238C0A620079C9C5 /* item_history */ = {
			isa = PBXGroup;
			children = (
				84E9A19B238C287D0079C9C5 /* HistoryCell.swift */,
				84E9A19C238C287D0079C9C5 /* HistoryCell.xib */,
			);
			path = item_history;
			sourceTree = "<group>";
		};
		84E9A182238C0A710079C9C5 /* status */ = {
			isa = PBXGroup;
			children = (
				84E9A197238C28570079C9C5 /* StatusCell.swift */,
				84E9A198238C28570079C9C5 /* StatusCell.xib */,
			);
			path = status;
			sourceTree = "<group>";
		};
		84E9A184238C0A800079C9C5 /* suggested_friend */ = {
			isa = PBXGroup;
			children = (
				84E9A18F238C28150079C9C5 /* SuggestFriendCell.swift */,
				84E9A190238C28150079C9C5 /* SuggestFriendCell.xib */,
			);
			path = suggested_friend;
			sourceTree = "<group>";
		};
		84E9A185238C0A8A0079C9C5 /* place */ = {
			isa = PBXGroup;
			children = (
				84E9A193238C28310079C9C5 /* PlaceCell.swift */,
				84E9A194238C28310079C9C5 /* PlaceCell.xib */,
			);
			path = place;
			sourceTree = "<group>";
		};
		84E9A187238C0EC60079C9C5 /* custom */ = {
			isa = PBXGroup;
			children = (
				84E9A189238C0EF60079C9C5 /* PaddingLabel.swift */,
			);
			path = custom;
			sourceTree = "<group>";
		};
/* End PBXGroup section */

/* Begin PBXNativeTarget section */
		84E9A133238C04ED0079C9C5 /* TravellingProject */ = {
			isa = PBXNativeTarget;
			buildConfigurationList = 84E9A15C238C04EE0079C9C5 /* Build configuration list for PBXNativeTarget "TravellingProject" */;
			buildPhases = (
				84E9A130238C04ED0079C9C5 /* Sources */,
				84E9A131238C04ED0079C9C5 /* Frameworks */,
				84E9A132238C04ED0079C9C5 /* Resources */,
			);
			buildRules = (
			);
			dependencies = (
			);
			name = TravellingProject;
			productName = TravellingProject;
			productReference = 84E9A134238C04ED0079C9C5 /* TravellingProject.app */;
			productType = "com.apple.product-type.application";
		};
		84E9A147238C04EE0079C9C5 /* TravellingProjectTests */ = {
			isa = PBXNativeTarget;
			buildConfigurationList = 84E9A15F238C04EE0079C9C5 /* Build configuration list for PBXNativeTarget "TravellingProjectTests" */;
			buildPhases = (
				84E9A144238C04EE0079C9C5 /* Sources */,
				84E9A145238C04EE0079C9C5 /* Frameworks */,
				84E9A146238C04EE0079C9C5 /* Resources */,
			);
			buildRules = (
			);
			dependencies = (
				84E9A14A238C04EE0079C9C5 /* PBXTargetDependency */,
			);
			name = TravellingProjectTests;
			productName = TravellingProjectTests;
			productReference = 84E9A148238C04EE0079C9C5 /* TravellingProjectTests.xctest */;
			productType = "com.apple.product-type.bundle.unit-test";
		};
		84E9A152238C04EE0079C9C5 /* TravellingProjectUITests */ = {
			isa = PBXNativeTarget;
			buildConfigurationList = 84E9A162238C04EE0079C9C5 /* Build configuration list for PBXNativeTarget "TravellingProjectUITests" */;
			buildPhases = (
				84E9A14F238C04EE0079C9C5 /* Sources */,
				84E9A150238C04EE0079C9C5 /* Frameworks */,
				84E9A151238C04EE0079C9C5 /* Resources */,
			);
			buildRules = (
			);
			dependencies = (
				84E9A155238C04EE0079C9C5 /* PBXTargetDependency */,
			);
			name = TravellingProjectUITests;
			productName = TravellingProjectUITests;
			productReference = 84E9A153238C04EE0079C9C5 /* TravellingProjectUITests.xctest */;
			productType = "com.apple.product-type.bundle.ui-testing";
		};
/* End PBXNativeTarget section */

/* Begin PBXProject section */
		84E9A12C238C04ED0079C9C5 /* Project object */ = {
			isa = PBXProject;
			attributes = {
				LastSwiftUpdateCheck = 1010;
				LastUpgradeCheck = 1010;
				ORGANIZATIONNAME = Admin;
				TargetAttributes = {
					84E9A133238C04ED0079C9C5 = {
						CreatedOnToolsVersion = 10.1;
					};
					84E9A147238C04EE0079C9C5 = {
						CreatedOnToolsVersion = 10.1;
						TestTargetID = 84E9A133238C04ED0079C9C5;
					};
					84E9A152238C04EE0079C9C5 = {
						CreatedOnToolsVersion = 10.1;
						TestTargetID = 84E9A133238C04ED0079C9C5;
					};
				};
			};
			buildConfigurationList = 84E9A12F238C04ED0079C9C5 /* Build configuration list for PBXProject "TravellingProject" */;
			compatibilityVersion = "Xcode 9.3";
			developmentRegion = en;
			hasScannedForEncodings = 0;
			knownRegions = (
				en,
				Base,
			);
			mainGroup = 84E9A12B238C04ED0079C9C5;
			productRefGroup = 84E9A135238C04ED0079C9C5 /* Products */;
			projectDirPath = "";
			projectRoot = "";
			targets = (
				84E9A133238C04ED0079C9C5 /* TravellingProject */,
				84E9A147238C04EE0079C9C5 /* TravellingProjectTests */,
				84E9A152238C04EE0079C9C5 /* TravellingProjectUITests */,
			);
		};
/* End PBXProject section */

/* Begin PBXResourcesBuildPhase section */
		84E9A132238C04ED0079C9C5 /* Resources */ = {
			isa = PBXResourcesBuildPhase;
			buildActionMask = 2147483647;
			files = (
				84E9A178238C05620079C9C5 /* SettingViewController.xib in Resources */,
				84E9A142238C04EE0079C9C5 /* LaunchScreen.storyboard in Resources */,
				84E9A13F238C04EE0079C9C5 /* Assets.xcassets in Resources */,
				84E9A174238C05540079C9C5 /* MessageViewController.xib in Resources */,
				84E9A13D238C04ED0079C9C5 /* Main.storyboard in Resources */,
				84E9A192238C28150079C9C5 /* SuggestFriendCell.xib in Resources */,
				84E9A17D238C073E0079C9C5 /* LoginRegisterViewController.xib in Resources */,
				84E9A19A238C28570079C9C5 /* StatusCell.xib in Resources */,
				84E9A170238C05450079C9C5 /* HistoryViewController.xib in Resources */,
				84E9A196238C28310079C9C5 /* PlaceCell.xib in Resources */,
				84E9A19E238C287D0079C9C5 /* HistoryCell.xib in Resources */,
				84E9A16C238C05370079C9C5 /* HomeViewController.xib in Resources */,
			);
			runOnlyForDeploymentPostprocessing = 0;
		};
		84E9A146238C04EE0079C9C5 /* Resources */ = {
			isa = PBXResourcesBuildPhase;
			buildActionMask = 2147483647;
			files = (
			);
			runOnlyForDeploymentPostprocessing = 0;
		};
		84E9A151238C04EE0079C9C5 /* Resources */ = {
			isa = PBXResourcesBuildPhase;
			buildActionMask = 2147483647;
			files = (
			);
			runOnlyForDeploymentPostprocessing = 0;
		};
/* End PBXResourcesBuildPhase section */

/* Begin PBXSourcesBuildPhase section */
		84E9A130238C04ED0079C9C5 /* Sources */ = {
			isa = PBXSourcesBuildPhase;
			buildActionMask = 2147483647;
			files = (
				84E9A13A238C04ED0079C9C5 /* ViewController.swift in Sources */,
				84E9A138238C04ED0079C9C5 /* AppDelegate.swift in Sources */,
				84E9A16B238C05370079C9C5 /* HomeViewController.swift in Sources */,
				84E9A17C238C073E0079C9C5 /* LoginRegisterViewController.swift in Sources */,
				84E9A199238C28570079C9C5 /* StatusCell.swift in Sources */,
				84E9A191238C28150079C9C5 /* SuggestFriendCell.swift in Sources */,
				84E9A19D238C287D0079C9C5 /* HistoryCell.swift in Sources */,
				84E9A18A238C0EF60079C9C5 /* PaddingLabel.swift in Sources */,
				84E9A195238C28310079C9C5 /* PlaceCell.swift in Sources */,
				84E9A16F238C05450079C9C5 /* HistoryViewController.swift in Sources */,
				84E9A173238C05540079C9C5 /* MessageViewController.swift in Sources */,
				84E9A177238C05620079C9C5 /* SettingViewController.swift in Sources */,
			);
			runOnlyForDeploymentPostprocessing = 0;
		};
		84E9A144238C04EE0079C9C5 /* Sources */ = {
			isa = PBXSourcesBuildPhase;
			buildActionMask = 2147483647;
			files = (
				84E9A14D238C04EE0079C9C5 /* TravellingProjectTests.swift in Sources */,
			);
			runOnlyForDeploymentPostprocessing = 0;
		};
		84E9A14F238C04EE0079C9C5 /* Sources */ = {
			isa = PBXSourcesBuildPhase;
			buildActionMask = 2147483647;
			files = (
				84E9A158238C04EE0079C9C5 /* TravellingProjectUITests.swift in Sources */,
			);
			runOnlyForDeploymentPostprocessing = 0;
		};
/* End PBXSourcesBuildPhase section */

/* Begin PBXTargetDependency section */
		84E9A14A238C04EE0079C9C5 /* PBXTargetDependency */ = {
			isa = PBXTargetDependency;
			target = 84E9A133238C04ED0079C9C5 /* TravellingProject */;
			targetProxy = 84E9A149238C04EE0079C9C5 /* PBXContainerItemProxy */;
		};
		84E9A155238C04EE0079C9C5 /* PBXTargetDependency */ = {
			isa = PBXTargetDependency;
			target = 84E9A133238C04ED0079C9C5 /* TravellingProject */;
			targetProxy = 84E9A154238C04EE0079C9C5 /* PBXContainerItemProxy */;
		};
/* End PBXTargetDependency section */

/* Begin PBXVariantGroup section */
		84E9A13B238C04ED0079C9C5 /* Main.storyboard */ = {
			isa = PBXVariantGroup;
			children = (
				84E9A13C238C04ED0079C9C5 /* Base */,
			);
			name = Main.storyboard;
			sourceTree = "<group>";
		};
		84E9A140238C04EE0079C9C5 /* LaunchScreen.storyboard */ = {
			isa = PBXVariantGroup;
			children = (
				84E9A141238C04EE0079C9C5 /* Base */,
			);
			name = LaunchScreen.storyboard;
			sourceTree = "<group>";
		};
/* End PBXVariantGroup section */

/* Begin XCBuildConfiguration section */
		84E9A15A238C04EE0079C9C5 /* Debug */ = {
			isa = XCBuildConfiguration;
			buildSettings = {
				ALWAYS_SEARCH_USER_PATHS = NO;
				CLANG_ANALYZER_NONNULL = YES;
				CLANG_ANALYZER_NUMBER_OBJECT_CONVERSION = YES_AGGRESSIVE;
				CLANG_CXX_LANGUAGE_STANDARD = "gnu++14";
				CLANG_CXX_LIBRARY = "libc++";
				CLANG_ENABLE_MODULES = YES;
				CLANG_ENABLE_OBJC_ARC = YES;
				CLANG_ENABLE_OBJC_WEAK = YES;
				CLANG_WARN_BLOCK_CAPTURE_AUTORELEASING = YES;
				CLANG_WARN_BOOL_CONVERSION = YES;
				CLANG_WARN_COMMA = YES;
				CLANG_WARN_CONSTANT_CONVERSION = YES;
				CLANG_WARN_DEPRECATED_OBJC_IMPLEMENTATIONS = YES;
				CLANG_WARN_DIRECT_OBJC_ISA_USAGE = YES_ERROR;
				CLANG_WARN_DOCUMENTATION_COMMENTS = YES;
				CLANG_WARN_EMPTY_BODY = YES;
				CLANG_WARN_ENUM_CONVERSION = YES;
				CLANG_WARN_INFINITE_RECURSION = YES;
				CLANG_WARN_INT_CONVERSION = YES;
				CLANG_WARN_NON_LITERAL_NULL_CONVERSION = YES;
				CLANG_WARN_OBJC_IMPLICIT_RETAIN_SELF = YES;
				CLANG_WARN_OBJC_LITERAL_CONVERSION = YES;
				CLANG_WARN_OBJC_ROOT_CLASS = YES_ERROR;
				CLANG_WARN_RANGE_LOOP_ANALYSIS = YES;
				CLANG_WARN_STRICT_PROTOTYPES = YES;
				CLANG_WARN_SUSPICIOUS_MOVE = YES;
				CLANG_WARN_UNGUARDED_AVAILABILITY = YES_AGGRESSIVE;
				CLANG_WARN_UNREACHABLE_CODE = YES;
				CLANG_WARN__DUPLICATE_METHOD_MATCH = YES;
				CODE_SIGN_IDENTITY = "iPhone Developer";
				COPY_PHASE_STRIP = NO;
				DEBUG_INFORMATION_FORMAT = dwarf;
				ENABLE_STRICT_OBJC_MSGSEND = YES;
				ENABLE_TESTABILITY = YES;
				GCC_C_LANGUAGE_STANDARD = gnu11;
				GCC_DYNAMIC_NO_PIC = NO;
				GCC_NO_COMMON_BLOCKS = YES;
				GCC_OPTIMIZATION_LEVEL = 0;
				GCC_PREPROCESSOR_DEFINITIONS = (
					"DEBUG=1",
					"$(inherited)",
				);
				GCC_WARN_64_TO_32_BIT_CONVERSION = YES;
				GCC_WARN_ABOUT_RETURN_TYPE = YES_ERROR;
				GCC_WARN_UNDECLARED_SELECTOR = YES;
				GCC_WARN_UNINITIALIZED_AUTOS = YES_AGGRESSIVE;
				GCC_WARN_UNUSED_FUNCTION = YES;
				GCC_WARN_UNUSED_VARIABLE = YES;
				IPHONEOS_DEPLOYMENT_TARGET = 12.1;
				MTL_ENABLE_DEBUG_INFO = INCLUDE_SOURCE;
				MTL_FAST_MATH = YES;
				ONLY_ACTIVE_ARCH = YES;
				SDKROOT = iphoneos;
				SWIFT_ACTIVE_COMPILATION_CONDITIONS = DEBUG;
				SWIFT_OPTIMIZATION_LEVEL = "-Onone";
			};
			name = Debug;
		};
		84E9A15B238C04EE0079C9C5 /* Release */ = {
			isa = XCBuildConfiguration;
			buildSettings = {
				ALWAYS_SEARCH_USER_PATHS = NO;
				CLANG_ANALYZER_NONNULL = YES;
				CLANG_ANALYZER_NUMBER_OBJECT_CONVERSION = YES_AGGRESSIVE;
				CLANG_CXX_LANGUAGE_STANDARD = "gnu++14";
				CLANG_CXX_LIBRARY = "libc++";
				CLANG_ENABLE_MODULES = YES;
				CLANG_ENABLE_OBJC_ARC = YES;
				CLANG_ENABLE_OBJC_WEAK = YES;
				CLANG_WARN_BLOCK_CAPTURE_AUTORELEASING = YES;
				CLANG_WARN_BOOL_CONVERSION = YES;
				CLANG_WARN_COMMA = YES;
				CLANG_WARN_CONSTANT_CONVERSION = YES;
				CLANG_WARN_DEPRECATED_OBJC_IMPLEMENTATIONS = YES;
				CLANG_WARN_DIRECT_OBJC_ISA_USAGE = YES_ERROR;
				CLANG_WARN_DOCUMENTATION_COMMENTS = YES;
				CLANG_WARN_EMPTY_BODY = YES;
				CLANG_WARN_ENUM_CONVERSION = YES;
				CLANG_WARN_INFINITE_RECURSION = YES;
				CLANG_WARN_INT_CONVERSION = YES;
				CLANG_WARN_NON_LITERAL_NULL_CONVERSION = YES;
				CLANG_WARN_OBJC_IMPLICIT_RETAIN_SELF = YES;
				CLANG_WARN_OBJC_LITERAL_CONVERSION = YES;
				CLANG_WARN_OBJC_ROOT_CLASS = YES_ERROR;
				CLANG_WARN_RANGE_LOOP_ANALYSIS = YES;
				CLANG_WARN_STRICT_PROTOTYPES = YES;
				CLANG_WARN_SUSPICIOUS_MOVE = YES;
				CLANG_WARN_UNGUARDED_AVAILABILITY = YES_AGGRESSIVE;
				CLANG_WARN_UNREACHABLE_CODE = YES;
				CLANG_WARN__DUPLICATE_METHOD_MATCH = YES;
				CODE_SIGN_IDENTITY = "iPhone Developer";
				COPY_PHASE_STRIP = NO;
				DEBUG_INFORMATION_FORMAT = "dwarf-with-dsym";
				ENABLE_NS_ASSERTIONS = NO;
				ENABLE_STRICT_OBJC_MSGSEND = YES;
				GCC_C_LANGUAGE_STANDARD = gnu11;
				GCC_NO_COMMON_BLOCKS = YES;
				GCC_WARN_64_TO_32_BIT_CONVERSION = YES;
				GCC_WARN_ABOUT_RETURN_TYPE = YES_ERROR;
				GCC_WARN_UNDECLARED_SELECTOR = YES;
				GCC_WARN_UNINITIALIZED_AUTOS = YES_AGGRESSIVE;
				GCC_WARN_UNUSED_FUNCTION = YES;
				GCC_WARN_UNUSED_VARIABLE = YES;
				IPHONEOS_DEPLOYMENT_TARGET = 12.1;
				MTL_ENABLE_DEBUG_INFO = NO;
				MTL_FAST_MATH = YES;
				SDKROOT = iphoneos;
				SWIFT_COMPILATION_MODE = wholemodule;
				SWIFT_OPTIMIZATION_LEVEL = "-O";
				VALIDATE_PRODUCT = YES;
			};
			name = Release;
		};
		84E9A15D238C04EE0079C9C5 /* Debug */ = {
			isa = XCBuildConfiguration;
			buildSettings = {
				ASSETCATALOG_COMPILER_APPICON_NAME = AppIcon;
				CODE_SIGN_STYLE = Automatic;
				INFOPLIST_FILE = TravellingProject/Info.plist;
				LD_RUNPATH_SEARCH_PATHS = (
					"$(inherited)",
					"@executable_path/Frameworks",
				);
				PRODUCT_BUNDLE_IDENTIFIER = sugi.TravellingProject;
				PRODUCT_NAME = "$(TARGET_NAME)";
				SWIFT_VERSION = 4.2;
				TARGETED_DEVICE_FAMILY = "1,2";
			};
			name = Debug;
		};
		84E9A15E238C04EE0079C9C5 /* Release */ = {
			isa = XCBuildConfiguration;
			buildSettings = {
				ASSETCATALOG_COMPILER_APPICON_NAME = AppIcon;
				CODE_SIGN_STYLE = Automatic;
				INFOPLIST_FILE = TravellingProject/Info.plist;
				LD_RUNPATH_SEARCH_PATHS = (
					"$(inherited)",
					"@executable_path/Frameworks",
				);
				PRODUCT_BUNDLE_IDENTIFIER = sugi.TravellingProject;
				PRODUCT_NAME = "$(TARGET_NAME)";
				SWIFT_VERSION = 4.2;
				TARGETED_DEVICE_FAMILY = "1,2";
			};
			name = Release;
		};
		84E9A160238C04EE0079C9C5 /* Debug */ = {
			isa = XCBuildConfiguration;
			buildSettings = {
				ALWAYS_EMBED_SWIFT_STANDARD_LIBRARIES = YES;
				BUNDLE_LOADER = "$(TEST_HOST)";
				CODE_SIGN_STYLE = Automatic;
				INFOPLIST_FILE = TravellingProjectTests/Info.plist;
				LD_RUNPATH_SEARCH_PATHS = (
					"$(inherited)",
					"@executable_path/Frameworks",
					"@loader_path/Frameworks",
				);
				PRODUCT_BUNDLE_IDENTIFIER = sugi.TravellingProjectTests;
				PRODUCT_NAME = "$(TARGET_NAME)";
				SWIFT_VERSION = 4.2;
				TARGETED_DEVICE_FAMILY = "1,2";
				TEST_HOST = "$(BUILT_PRODUCTS_DIR)/TravellingProject.app/TravellingProject";
			};
			name = Debug;
		};
		84E9A161238C04EE0079C9C5 /* Release */ = {
			isa = XCBuildConfiguration;
			buildSettings = {
				ALWAYS_EMBED_SWIFT_STANDARD_LIBRARIES = YES;
				BUNDLE_LOADER = "$(TEST_HOST)";
				CODE_SIGN_STYLE = Automatic;
				INFOPLIST_FILE = TravellingProjectTests/Info.plist;
				LD_RUNPATH_SEARCH_PATHS = (
					"$(inherited)",
					"@executable_path/Frameworks",
					"@loader_path/Frameworks",
				);
				PRODUCT_BUNDLE_IDENTIFIER = sugi.TravellingProjectTests;
				PRODUCT_NAME = "$(TARGET_NAME)";
				SWIFT_VERSION = 4.2;
				TARGETED_DEVICE_FAMILY = "1,2";
				TEST_HOST = "$(BUILT_PRODUCTS_DIR)/TravellingProject.app/TravellingProject";
			};
			name = Release;
		};
		84E9A163238C04EE0079C9C5 /* Debug */ = {
			isa = XCBuildConfiguration;
			buildSettings = {
				ALWAYS_EMBED_SWIFT_STANDARD_LIBRARIES = YES;
				CODE_SIGN_STYLE = Automatic;
				INFOPLIST_FILE = TravellingProjectUITests/Info.plist;
				LD_RUNPATH_SEARCH_PATHS = (
					"$(inherited)",
					"@executable_path/Frameworks",
					"@loader_path/Frameworks",
				);
				PRODUCT_BUNDLE_IDENTIFIER = sugi.TravellingProjectUITests;
				PRODUCT_NAME = "$(TARGET_NAME)";
				SWIFT_VERSION = 4.2;
				TARGETED_DEVICE_FAMILY = "1,2";
				TEST_TARGET_NAME = TravellingProject;
			};
			name = Debug;
		};
		84E9A164238C04EE0079C9C5 /* Release */ = {
			isa = XCBuildConfiguration;
			buildSettings = {
				ALWAYS_EMBED_SWIFT_STANDARD_LIBRARIES = YES;
				CODE_SIGN_STYLE = Automatic;
				INFOPLIST_FILE = TravellingProjectUITests/Info.plist;
				LD_RUNPATH_SEARCH_PATHS = (
					"$(inherited)",
					"@executable_path/Frameworks",
					"@loader_path/Frameworks",
				);
				PRODUCT_BUNDLE_IDENTIFIER = sugi.TravellingProjectUITests;
				PRODUCT_NAME = "$(TARGET_NAME)";
				SWIFT_VERSION = 4.2;
				TARGETED_DEVICE_FAMILY = "1,2";
				TEST_TARGET_NAME = TravellingProject;
			};
			name = Release;
		};
/* End XCBuildConfiguration section */

/* Begin XCConfigurationList section */
		84E9A12F238C04ED0079C9C5 /* Build configuration list for PBXProject "TravellingProject" */ = {
			isa = XCConfigurationList;
			buildConfigurations = (
				84E9A15A238C04EE0079C9C5 /* Debug */,
				84E9A15B238C04EE0079C9C5 /* Release */,
			);
			defaultConfigurationIsVisible = 0;
			defaultConfigurationName = Release;
		};
		84E9A15C238C04EE0079C9C5 /* Build configuration list for PBXNativeTarget "TravellingProject" */ = {
			isa = XCConfigurationList;
			buildConfigurations = (
				84E9A15D238C04EE0079C9C5 /* Debug */,
				84E9A15E238C04EE0079C9C5 /* Release */,
			);
			defaultConfigurationIsVisible = 0;
			defaultConfigurationName = Release;
		};
		84E9A15F238C04EE0079C9C5 /* Build configuration list for PBXNativeTarget "TravellingProjectTests" */ = {
			isa = XCConfigurationList;
			buildConfigurations = (
				84E9A160238C04EE0079C9C5 /* Debug */,
				84E9A161238C04EE0079C9C5 /* Release */,
			);
			defaultConfigurationIsVisible = 0;
			defaultConfigurationName = Release;
		};
		84E9A162238C04EE0079C9C5 /* Build configuration list for PBXNativeTarget "TravellingProjectUITests" */ = {
			isa = XCConfigurationList;
			buildConfigurations = (
				84E9A163238C04EE0079C9C5 /* Debug */,
				84E9A164238C04EE0079C9C5 /* Release */,
			);
			defaultConfigurationIsVisible = 0;
			defaultConfigurationName = Release;
		};
/* End XCConfigurationList section */
	};
	rootObject = 84E9A12C238C04ED0079C9C5 /* Project object */;
}
